
Microsoft Visual Studio Solution File, Format Version 12.00
# Visual Studio Version 17
VisualStudioVersion = 17.2.32526.322
MinimumVisualStudioVersion = 10.0.40219.1
Project("{2150E333-8FDC-42A3-9474-1A3956D46DE8}") = "Microservices", "Microservices", "{3C97D3EC-3647-4EF5-A872-231422B10AF6}"
EndProject
Project("{2150E333-8FDC-42A3-9474-1A3956D46DE8}") = "Domain", "Domain", "{966F8286-054F-4B8D-9720-2916DFDB8077}"
EndProject
Project("{2150E333-8FDC-42A3-9474-1A3956D46DE8}") = "Infrastructure.Bus", "Infrastructure.Bus", "{71BD3FE0-53FD-4DC5-8B4A-EAC1C9608DEE}"
EndProject
Project("{2150E333-8FDC-42A3-9474-1A3956D46DE8}") = "Infrastructure.InversionOfControl", "Infrastructure.InversionOfControl", "{0C9186F0-8864-450C-8D67-F25D035E6B23}"
EndProject
Project("{2150E333-8FDC-42A3-9474-1A3956D46DE8}") = "Presentation", "Presentation", "{0B617316-EEC1-4A5B-BDDF-96F3865BBD6A}"
EndProject
Project("{9A19103F-16F7-4668-BE54-9A1E7A4F7556}") = "MicroRabbit.Domain.Core", "MicroRabbit.Domain.Core\MicroRabbit.Domain.Core.csproj", "{0B5B97AA-2812-426A-99F0-00ED2D0DD09C}"
EndProject
Project("{9A19103F-16F7-4668-BE54-9A1E7A4F7556}") = "MicroRabbit.Infrastructure.Bus", "MicroRabbit.Infrastructure.Bus\MicroRabbit.Infrastructure.Bus.csproj", "{BC0FB414-3DED-4C98-A6C2-E94BCB196409}"
EndProject
Project("{9A19103F-16F7-4668-BE54-9A1E7A4F7556}") = "MicroRabbit.Infrastructure.IoC", "MicroRabbit.Infrastructure.IoC\MicroRabbit.Infrastructure.IoC.csproj", "{304EB6E4-FE3B-42FC-AC33-E7C6362AD335}"
EndProject
Project("{2150E333-8FDC-42A3-9474-1A3956D46DE8}") = "Banking", "Banking", "{BD46A7F0-0A2C-4972-855D-A9A51ACF9F7A}"
EndProject
Project("{2150E333-8FDC-42A3-9474-1A3956D46DE8}") = "Api", "Api", "{1F537A2F-215B-4085-8D74-C9754EB85619}"
EndProject
Project("{2150E333-8FDC-42A3-9474-1A3956D46DE8}") = "Domain", "Domain", "{E9C18D82-7D26-4D90-A7C5-6BBCD924B516}"
EndProject
Project("{2150E333-8FDC-42A3-9474-1A3956D46DE8}") = "Application", "Application", "{3AD52643-D815-41D8-B283-FB5067F0615D}"
EndProject
Project("{2150E333-8FDC-42A3-9474-1A3956D46DE8}") = "Data", "Data", "{F41D11D9-1D22-455F-81F9-7F53617F6CD2}"
EndProject
Project("{9A19103F-16F7-4668-BE54-9A1E7A4F7556}") = "MicroRabbit.Banking.Api", "MicroRabbit.Banking.Api\MicroRabbit.Banking.Api.csproj", "{511435F5-8D3A-4351-904D-FB80C99CD85D}"
EndProject
Project("{9A19103F-16F7-4668-BE54-9A1E7A4F7556}") = "MicroRabbit.Banking.Application", "MicroRabbit.Banking.Application\MicroRabbit.Banking.Application.csproj", "{20658C18-B011-42DB-8D75-79831224CAC5}"
EndProject
Project("{9A19103F-16F7-4668-BE54-9A1E7A4F7556}") = "MicroRabbit.Banking.Data", "MicroRabbit.Banking.Data\MicroRabbit.Banking.Data.csproj", "{030DFDBF-7CCC-4EEB-91D7-466780B6B22E}"
EndProject
Project("{9A19103F-16F7-4668-BE54-9A1E7A4F7556}") = "MicroRabbit.Banking.Domain", "MicroRabbit.Banking.Domain\MicroRabbit.Banking.Domain.csproj", "{0D751702-EFF1-447E-BB04-C03192D8EEAF}"
EndProject
Project("{2150E333-8FDC-42A3-9474-1A3956D46DE8}") = "Transfer", "Transfer", "{1B8013D0-4652-409E-BA04-6FEBA14C0A56}"
EndProject
Project("{2150E333-8FDC-42A3-9474-1A3956D46DE8}") = "Api", "Api", "{A4872ECB-D19B-4C00-A193-00C3E4E2C8CC}"
EndProject
Project("{2150E333-8FDC-42A3-9474-1A3956D46DE8}") = "Application", "Application", "{C22DCEE7-7B91-4E7F-830A-B36A4B2F32AF}"
EndProject
Project("{2150E333-8FDC-42A3-9474-1A3956D46DE8}") = "Data", "Data", "{8E5F7D75-E8D0-486D-B8C3-48D52DEDEFA3}"
EndProject
Project("{2150E333-8FDC-42A3-9474-1A3956D46DE8}") = "Domain", "Domain", "{92850096-A111-4F2C-930C-E4710C9B0F70}"
EndProject
Project("{FAE04EC0-301F-11D3-BF4B-00C04F79EFBC}") = "MicroRabbit.Transfer.Api", "MicroRabbit.Transfer.Api\MicroRabbit.Transfer.Api.csproj", "{A740D850-5F0C-46D1-9ECA-20BCB4C1B00E}"
EndProject
Project("{FAE04EC0-301F-11D3-BF4B-00C04F79EFBC}") = "MicroRabbit.Transfer.Application", "MicroRabbit.Transfer.Application\MicroRabbit.Transfer.Application.csproj", "{A697303D-70CD-4015-9130-5B28E0F5191E}"
EndProject
Project("{FAE04EC0-301F-11D3-BF4B-00C04F79EFBC}") = "MicroRabbit.Transfer.Domain", "MicroRabbit.Transfer.Domain\MicroRabbit.Transfer.Domain.csproj", "{CFDDAB7F-B7E0-4C6A-A429-74A066A6A4CE}"
EndProject
Project("{FAE04EC0-301F-11D3-BF4B-00C04F79EFBC}") = "MicroRabbit.Transfer.Data", "MicroRabbit.Transfer.Data\MicroRabbit.Transfer.Data.csproj", "{29FBA1AC-8676-463B-A991-3654B42692EE}"
EndProject
Global
	GlobalSection(SolutionConfigurationPlatforms) = preSolution
		Debug|Any CPU = Debug|Any CPU
		Release|Any CPU = Release|Any CPU
	EndGlobalSection
	GlobalSection(ProjectConfigurationPlatforms) = postSolution
		{0B5B97AA-2812-426A-99F0-00ED2D0DD09C}.Debug|Any CPU.ActiveCfg = Debug|Any CPU
		{0B5B97AA-2812-426A-99F0-00ED2D0DD09C}.Debug|Any CPU.Build.0 = Debug|Any CPU
		{0B5B97AA-2812-426A-99F0-00ED2D0DD09C}.Release|Any CPU.ActiveCfg = Release|Any CPU
		{0B5B97AA-2812-426A-99F0-00ED2D0DD09C}.Release|Any CPU.Build.0 = Release|Any CPU
		{BC0FB414-3DED-4C98-A6C2-E94BCB196409}.Debug|Any CPU.ActiveCfg = Debug|Any CPU
		{BC0FB414-3DED-4C98-A6C2-E94BCB196409}.Debug|Any CPU.Build.0 = Debug|Any CPU
		{BC0FB414-3DED-4C98-A6C2-E94BCB196409}.Release|Any CPU.ActiveCfg = Release|Any CPU
		{BC0FB414-3DED-4C98-A6C2-E94BCB196409}.Release|Any CPU.Build.0 = Release|Any CPU
		{304EB6E4-FE3B-42FC-AC33-E7C6362AD335}.Debug|Any CPU.ActiveCfg = Debug|Any CPU
		{304EB6E4-FE3B-42FC-AC33-E7C6362AD335}.Debug|Any CPU.Build.0 = Debug|Any CPU
		{304EB6E4-FE3B-42FC-AC33-E7C6362AD335}.Release|Any CPU.ActiveCfg = Release|Any CPU
		{304EB6E4-FE3B-42FC-AC33-E7C6362AD335}.Release|Any CPU.Build.0 = Release|Any CPU
		{511435F5-8D3A-4351-904D-FB80C99CD85D}.Debug|Any CPU.ActiveCfg = Debug|Any CPU
		{511435F5-8D3A-4351-904D-FB80C99CD85D}.Debug|Any CPU.Build.0 = Debug|Any CPU
		{511435F5-8D3A-4351-904D-FB80C99CD85D}.Release|Any CPU.ActiveCfg = Release|Any CPU
		{511435F5-8D3A-4351-904D-FB80C99CD85D}.Release|Any CPU.Build.0 = Release|Any CPU
		{20658C18-B011-42DB-8D75-79831224CAC5}.Debug|Any CPU.ActiveCfg = Debug|Any CPU
		{20658C18-B011-42DB-8D75-79831224CAC5}.Debug|Any CPU.Build.0 = Debug|Any CPU
		{20658C18-B011-42DB-8D75-79831224CAC5}.Release|Any CPU.ActiveCfg = Release|Any CPU
		{20658C18-B011-42DB-8D75-79831224CAC5}.Release|Any CPU.Build.0 = Release|Any CPU
		{030DFDBF-7CCC-4EEB-91D7-466780B6B22E}.Debug|Any CPU.ActiveCfg = Debug|Any CPU
		{030DFDBF-7CCC-4EEB-91D7-466780B6B22E}.Debug|Any CPU.Build.0 = Debug|Any CPU
		{030DFDBF-7CCC-4EEB-91D7-466780B6B22E}.Release|Any CPU.ActiveCfg = Release|Any CPU
		{030DFDBF-7CCC-4EEB-91D7-466780B6B22E}.Release|Any CPU.Build.0 = Release|Any CPU
		{0D751702-EFF1-447E-BB04-C03192D8EEAF}.Debug|Any CPU.ActiveCfg = Debug|Any CPU
		{0D751702-EFF1-447E-BB04-C03192D8EEAF}.Debug|Any CPU.Build.0 = Debug|Any CPU
		{0D751702-EFF1-447E-BB04-C03192D8EEAF}.Release|Any CPU.ActiveCfg = Release|Any CPU
		{0D751702-EFF1-447E-BB04-C03192D8EEAF}.Release|Any CPU.Build.0 = Release|Any CPU
		{A740D850-5F0C-46D1-9ECA-20BCB4C1B00E}.Debug|Any CPU.ActiveCfg = Debug|Any CPU
		{A740D850-5F0C-46D1-9ECA-20BCB4C1B00E}.Debug|Any CPU.Build.0 = Debug|Any CPU
		{A740D850-5F0C-46D1-9ECA-20BCB4C1B00E}.Release|Any CPU.ActiveCfg = Release|Any CPU
		{A740D850-5F0C-46D1-9ECA-20BCB4C1B00E}.Release|Any CPU.Build.0 = Release|Any CPU
		{A697303D-70CD-4015-9130-5B28E0F5191E}.Debug|Any CPU.ActiveCfg = Debug|Any CPU
		{A697303D-70CD-4015-9130-5B28E0F5191E}.Debug|Any CPU.Build.0 = Debug|Any CPU
		{A697303D-70CD-4015-9130-5B28E0F5191E}.Release|Any CPU.ActiveCfg = Release|Any CPU
		{A697303D-70CD-4015-9130-5B28E0F5191E}.Release|Any CPU.Build.0 = Release|Any CPU
		{CFDDAB7F-B7E0-4C6A-A429-74A066A6A4CE}.Debug|Any CPU.ActiveCfg = Debug|Any CPU
		{CFDDAB7F-B7E0-4C6A-A429-74A066A6A4CE}.Debug|Any CPU.Build.0 = Debug|Any CPU
		{CFDDAB7F-B7E0-4C6A-A429-74A066A6A4CE}.Release|Any CPU.ActiveCfg = Release|Any CPU
		{CFDDAB7F-B7E0-4C6A-A429-74A066A6A4CE}.Release|Any CPU.Build.0 = Release|Any CPU
		{29FBA1AC-8676-463B-A991-3654B42692EE}.Debug|Any CPU.ActiveCfg = Debug|Any CPU
		{29FBA1AC-8676-463B-A991-3654B42692EE}.Debug|Any CPU.Build.0 = Debug|Any CPU
		{29FBA1AC-8676-463B-A991-3654B42692EE}.Release|Any CPU.ActiveCfg = Release|Any CPU
		{29FBA1AC-8676-463B-A991-3654B42692EE}.Release|Any CPU.Build.0 = Release|Any CPU
	EndGlobalSection
	GlobalSection(SolutionProperties) = preSolution
		HideSolutionNode = FALSE
	EndGlobalSection
	GlobalSection(NestedProjects) = preSolution
		{0B5B97AA-2812-426A-99F0-00ED2D0DD09C} = {966F8286-054F-4B8D-9720-2916DFDB8077}
		{BC0FB414-3DED-4C98-A6C2-E94BCB196409} = {71BD3FE0-53FD-4DC5-8B4A-EAC1C9608DEE}
		{304EB6E4-FE3B-42FC-AC33-E7C6362AD335} = {0C9186F0-8864-450C-8D67-F25D035E6B23}
		{BD46A7F0-0A2C-4972-855D-A9A51ACF9F7A} = {3C97D3EC-3647-4EF5-A872-231422B10AF6}
		{1F537A2F-215B-4085-8D74-C9754EB85619} = {BD46A7F0-0A2C-4972-855D-A9A51ACF9F7A}
		{E9C18D82-7D26-4D90-A7C5-6BBCD924B516} = {BD46A7F0-0A2C-4972-855D-A9A51ACF9F7A}
		{3AD52643-D815-41D8-B283-FB5067F0615D} = {BD46A7F0-0A2C-4972-855D-A9A51ACF9F7A}
		{F41D11D9-1D22-455F-81F9-7F53617F6CD2} = {BD46A7F0-0A2C-4972-855D-A9A51ACF9F7A}
		{511435F5-8D3A-4351-904D-FB80C99CD85D} = {1F537A2F-215B-4085-8D74-C9754EB85619}
		{20658C18-B011-42DB-8D75-79831224CAC5} = {3AD52643-D815-41D8-B283-FB5067F0615D}
		{030DFDBF-7CCC-4EEB-91D7-466780B6B22E} = {F41D11D9-1D22-455F-81F9-7F53617F6CD2}
		{0D751702-EFF1-447E-BB04-C03192D8EEAF} = {E9C18D82-7D26-4D90-A7C5-6BBCD924B516}
		{1B8013D0-4652-409E-BA04-6FEBA14C0A56} = {3C97D3EC-3647-4EF5-A872-231422B10AF6}
		{A4872ECB-D19B-4C00-A193-00C3E4E2C8CC} = {1B8013D0-4652-409E-BA04-6FEBA14C0A56}
		{C22DCEE7-7B91-4E7F-830A-B36A4B2F32AF} = {1B8013D0-4652-409E-BA04-6FEBA14C0A56}
		{8E5F7D75-E8D0-486D-B8C3-48D52DEDEFA3} = {1B8013D0-4652-409E-BA04-6FEBA14C0A56}
		{92850096-A111-4F2C-930C-E4710C9B0F70} = {1B8013D0-4652-409E-BA04-6FEBA14C0A56}
		{A740D850-5F0C-46D1-9ECA-20BCB4C1B00E} = {A4872ECB-D19B-4C00-A193-00C3E4E2C8CC}
		{A697303D-70CD-4015-9130-5B28E0F5191E} = {C22DCEE7-7B91-4E7F-830A-B36A4B2F32AF}
		{CFDDAB7F-B7E0-4C6A-A429-74A066A6A4CE} = {92850096-A111-4F2C-930C-E4710C9B0F70}
		{29FBA1AC-8676-463B-A991-3654B42692EE} = {8E5F7D75-E8D0-486D-B8C3-48D52DEDEFA3}
	EndGlobalSection
	GlobalSection(ExtensibilityGlobals) = postSolution
		SolutionGuid = {C5F69064-A7F1-4CF8-9A87-22E7B9DBDB79}
	EndGlobalSection
EndGlobal
