
Microsoft Visual Studio Solution File, Format Version 12.00
# Visual Studio Version 17
VisualStudioVersion = 17.2.32526.322
MinimumVisualStudioVersion = 10.0.40219.1
Project("{2150E333-8FDC-42A3-9474-1A3956D46DE8}") = "Microservices", "Microservices", "{3C97D3EC-3647-4EF5-A872-231422B10AF6}"
EndProject
Project("{2150E333-8FDC-42A3-9474-1A3956D46DE8}") = "Domain", "Domain", "{966F8286-054F-4B8D-9720-2916DFDB8077}"
EndProject
Project("{2150E333-8FDC-42A3-9474-1A3956D46DE8}") = "Infrastructure.Bus", "Infrastructure.Bus", "{71BD3FE0-53FD-4DC5-8B4A-EAC1C9608DEE}"
EndProject
Project("{2150E333-8FDC-42A3-9474-1A3956D46DE8}") = "Infrastructure.InversionOfControl", "Infrastructure.InversionOfControl", "{0C9186F0-8864-450C-8D67-F25D035E6B23}"
EndProject
Project("{2150E333-8FDC-42A3-9474-1A3956D46DE8}") = "Presentation", "Presentation", "{0B617316-EEC1-4A5B-BDDF-96F3865BBD6A}"
EndProject
Project("{9A19103F-16F7-4668-BE54-9A1E7A4F7556}") = "MicroRabbit.Domain.Core", "MicroRabbit.Domain.Core\MicroRabbit.Domain.Core.csproj", "{0B5B97AA-2812-426A-99F0-00ED2D0DD09C}"
EndProject
Project("{FAE04EC0-301F-11D3-BF4B-00C04F79EFBC}") = "MicroRabbit.Infrastructure.Bus", "MicroRabbit.Infrastructure.Bus\MicroRabbit.Infrastructure.Bus.csproj", "{BC0FB414-3DED-4C98-A6C2-E94BCB196409}"
EndProject
Global
	GlobalSection(SolutionConfigurationPlatforms) = preSolution
		Debug|Any CPU = Debug|Any CPU
		Release|Any CPU = Release|Any CPU
	EndGlobalSection
	GlobalSection(ProjectConfigurationPlatforms) = postSolution
		{0B5B97AA-2812-426A-99F0-00ED2D0DD09C}.Debug|Any CPU.ActiveCfg = Debug|Any CPU
		{0B5B97AA-2812-426A-99F0-00ED2D0DD09C}.Debug|Any CPU.Build.0 = Debug|Any CPU
		{0B5B97AA-2812-426A-99F0-00ED2D0DD09C}.Release|Any CPU.ActiveCfg = Release|Any CPU
		{0B5B97AA-2812-426A-99F0-00ED2D0DD09C}.Release|Any CPU.Build.0 = Release|Any CPU
		{BC0FB414-3DED-4C98-A6C2-E94BCB196409}.Debug|Any CPU.ActiveCfg = Debug|Any CPU
		{BC0FB414-3DED-4C98-A6C2-E94BCB196409}.Debug|Any CPU.Build.0 = Debug|Any CPU
		{BC0FB414-3DED-4C98-A6C2-E94BCB196409}.Release|Any CPU.ActiveCfg = Release|Any CPU
		{BC0FB414-3DED-4C98-A6C2-E94BCB196409}.Release|Any CPU.Build.0 = Release|Any CPU
	EndGlobalSection
	GlobalSection(SolutionProperties) = preSolution
		HideSolutionNode = FALSE
	EndGlobalSection
	GlobalSection(NestedProjects) = preSolution
		{0B5B97AA-2812-426A-99F0-00ED2D0DD09C} = {966F8286-054F-4B8D-9720-2916DFDB8077}
		{BC0FB414-3DED-4C98-A6C2-E94BCB196409} = {71BD3FE0-53FD-4DC5-8B4A-EAC1C9608DEE}
	EndGlobalSection
	GlobalSection(ExtensibilityGlobals) = postSolution
		SolutionGuid = {C5F69064-A7F1-4CF8-9A87-22E7B9DBDB79}
	EndGlobalSection
EndGlobal
